// !$*UTF8*$!
{
	archiveVersion = 1;
	classes = {
	};
	objectVersion = 46;
	objects = {

/* Begin PBXBuildFile section */
		3CB0FDFE3B0A0CAD4F6BA6E6 /* Pods_CollectionViewSampleTests.framework in Frameworks */ = {isa = PBXBuildFile; fileRef = 04632C979FE3A4E6E8A5204E /* Pods_CollectionViewSampleTests.framework */; };
		8DB304484F20758966391D9A /* Pods_CollectionViewSample.framework in Frameworks */ = {isa = PBXBuildFile; fileRef = 5A6A3116F8D73AB05FDCF0C2 /* Pods_CollectionViewSample.framework */; };
		E513834D1E6A306700BE36AC /* RecordViewController.swift in Sources */ = {isa = PBXBuildFile; fileRef = E513834C1E6A306700BE36AC /* RecordViewController.swift */; };
		E522F5DE1E65CD3F00156571 /* AppDelegate.swift in Sources */ = {isa = PBXBuildFile; fileRef = E522F5DD1E65CD3F00156571 /* AppDelegate.swift */; };
		E522F5E01E65CD3F00156571 /* ViewController.swift in Sources */ = {isa = PBXBuildFile; fileRef = E522F5DF1E65CD3F00156571 /* ViewController.swift */; };
		E522F5E31E65CD3F00156571 /* Main.storyboard in Resources */ = {isa = PBXBuildFile; fileRef = E522F5E11E65CD3F00156571 /* Main.storyboard */; };
		E522F5E51E65CD3F00156571 /* Assets.xcassets in Resources */ = {isa = PBXBuildFile; fileRef = E522F5E41E65CD3F00156571 /* Assets.xcassets */; };
		E522F5E81E65CD3F00156571 /* LaunchScreen.storyboard in Resources */ = {isa = PBXBuildFile; fileRef = E522F5E61E65CD3F00156571 /* LaunchScreen.storyboard */; };
		E522F5F31E65CD3F00156571 /* CollectionViewSampleTests.swift in Sources */ = {isa = PBXBuildFile; fileRef = E522F5F21E65CD3F00156571 /* CollectionViewSampleTests.swift */; };
		E522F5FE1E65CD3F00156571 /* CollectionViewSampleUITests.swift in Sources */ = {isa = PBXBuildFile; fileRef = E522F5FD1E65CD3F00156571 /* CollectionViewSampleUITests.swift */; };
		E522F60C1E65CFF400156571 /* CollectionViewController.swift in Sources */ = {isa = PBXBuildFile; fileRef = E522F60B1E65CFF400156571 /* CollectionViewController.swift */; };
		E522F60E1E65D0F900156571 /* AddCollectionViewCell.swift in Sources */ = {isa = PBXBuildFile; fileRef = E522F60D1E65D0F900156571 /* AddCollectionViewCell.swift */; };
		E522F6101E65D10700156571 /* ItemCollectionViewCell.swift in Sources */ = {isa = PBXBuildFile; fileRef = E522F60F1E65D10700156571 /* ItemCollectionViewCell.swift */; };
		E522F6121E65E7B600156571 /* ItemModel.swift in Sources */ = {isa = PBXBuildFile; fileRef = E522F6111E65E7B600156571 /* ItemModel.swift */; };
		E53C93261E70827100260F58 /* SegmentCollectionViewCell.swift in Sources */ = {isa = PBXBuildFile; fileRef = E53C93251E70827100260F58 /* SegmentCollectionViewCell.swift */; };
		E53C93281E70923500260F58 /* SegmentCollectionViewCell.xib in Resources */ = {isa = PBXBuildFile; fileRef = E53C93271E70923500260F58 /* SegmentCollectionViewCell.xib */; };
		E549BEA11E76084D008FA524 /* RestaurantModel.swift in Sources */ = {isa = PBXBuildFile; fileRef = E549BEA01E76084D008FA524 /* RestaurantModel.swift */; };
		E549BEA71E7610B8008FA524 /* RestTypeSectionController.swift in Sources */ = {isa = PBXBuildFile; fileRef = E549BEA61E7610B8008FA524 /* RestTypeSectionController.swift */; };
		E549BEA91E7610E1008FA524 /* RestNameSectionController.swift in Sources */ = {isa = PBXBuildFile; fileRef = E549BEA81E7610E1008FA524 /* RestNameSectionController.swift */; };
		E549BEAB1E7610F6008FA524 /* RestPhotoSectionController.swift in Sources */ = {isa = PBXBuildFile; fileRef = E549BEAA1E7610F6008FA524 /* RestPhotoSectionController.swift */; };
		E549BEAD1E7613ED008FA524 /* DetailLabelCell.swift in Sources */ = {isa = PBXBuildFile; fileRef = E549BEAC1E7613ED008FA524 /* DetailLabelCell.swift */; };
		E549BEAF1E7614CE008FA524 /* TypeLabelCell.swift in Sources */ = {isa = PBXBuildFile; fileRef = E549BEAE1E7614CE008FA524 /* TypeLabelCell.swift */; };
		E549BEB11E7615E2008FA524 /* ImageCell.swift in Sources */ = {isa = PBXBuildFile; fileRef = E549BEB01E7615E2008FA524 /* ImageCell.swift */; };
		E549BEB31E761FC1008FA524 /* MapCell.swift in Sources */ = {isa = PBXBuildFile; fileRef = E549BEB21E761FC1008FA524 /* MapCell.swift */; };
		E549BEC11E762BB3008FA524 /* RestMapSectionController.swift in Sources */ = {isa = PBXBuildFile; fileRef = E549BEC01E762BB3008FA524 /* RestMapSectionController.swift */; };
		E549BEC31E764353008FA524 /* RestaurantSectionController.swift in Sources */ = {isa = PBXBuildFile; fileRef = E549BEC21E764353008FA524 /* RestaurantSectionController.swift */; };
		E549BEC51E774B3B008FA524 /* EmbeddedCollectionViewCell.swift in Sources */ = {isa = PBXBuildFile; fileRef = E549BEC41E774B3B008FA524 /* EmbeddedCollectionViewCell.swift */; };
		E549BEC71E786FB9008FA524 /* RestaurantDetailViewController.swift in Sources */ = {isa = PBXBuildFile; fileRef = E549BEC61E786FB9008FA524 /* RestaurantDetailViewController.swift */; };
		E549BEC91E788D6C008FA524 /* RestaurantSmallSectionController.swift in Sources */ = {isa = PBXBuildFile; fileRef = E549BEC81E788D6C008FA524 /* RestaurantSmallSectionController.swift */; };
		E549BECB1E788F5F008FA524 /* RestaurantEmbeddedCollectionCell.swift in Sources */ = {isa = PBXBuildFile; fileRef = E549BECA1E788F5F008FA524 /* RestaurantEmbeddedCollectionCell.swift */; };
		E549BECE1E7B7140008FA524 /* RestaurantSmallCell.swift in Sources */ = {isa = PBXBuildFile; fileRef = E549BECC1E7B7140008FA524 /* RestaurantSmallCell.swift */; };
		E549BECF1E7B7140008FA524 /* RestaurantSmallCell.xib in Resources */ = {isa = PBXBuildFile; fileRef = E549BECD1E7B7140008FA524 /* RestaurantSmallCell.xib */; };
		E5BFDF4D1E75EFDF00BE501C /* MainViewController.swift in Sources */ = {isa = PBXBuildFile; fileRef = E5BFDF4C1E75EFDF00BE501C /* MainViewController.swift */; };
		FCD0698EE5642910ED07D935 /* Pods_CollectionViewSampleUITests.framework in Frameworks */ = {isa = PBXBuildFile; fileRef = A3DBA9C5E36D0A71A6AF8971 /* Pods_CollectionViewSampleUITests.framework */; };
/* End PBXBuildFile section */

/* Begin PBXContainerItemProxy section */
		E522F5EF1E65CD3F00156571 /* PBXContainerItemProxy */ = {
			isa = PBXContainerItemProxy;
			containerPortal = E522F5D21E65CD3F00156571 /* Project object */;
			proxyType = 1;
			remoteGlobalIDString = E522F5D91E65CD3F00156571;
			remoteInfo = CollectionViewSample;
		};
		E522F5FA1E65CD3F00156571 /* PBXContainerItemProxy */ = {
			isa = PBXContainerItemProxy;
			containerPortal = E522F5D21E65CD3F00156571 /* Project object */;
			proxyType = 1;
			remoteGlobalIDString = E522F5D91E65CD3F00156571;
			remoteInfo = CollectionViewSample;
		};
/* End PBXContainerItemProxy section */

/* Begin PBXFileReference section */
		04632C979FE3A4E6E8A5204E /* Pods_CollectionViewSampleTests.framework */ = {isa = PBXFileReference; explicitFileType = wrapper.framework; includeInIndex = 0; path = Pods_CollectionViewSampleTests.framework; sourceTree = BUILT_PRODUCTS_DIR; };
		5A6A3116F8D73AB05FDCF0C2 /* Pods_CollectionViewSample.framework */ = {isa = PBXFileReference; explicitFileType = wrapper.framework; includeInIndex = 0; path = Pods_CollectionViewSample.framework; sourceTree = BUILT_PRODUCTS_DIR; };
		74DBED7C968045C24E43F788 /* Pods-CollectionViewSampleTests.release.xcconfig */ = {isa = PBXFileReference; includeInIndex = 1; lastKnownFileType = text.xcconfig; name = "Pods-CollectionViewSampleTests.release.xcconfig"; path = "Pods/Target Support Files/Pods-CollectionViewSampleTests/Pods-CollectionViewSampleTests.release.xcconfig"; sourceTree = "<group>"; };
		A3DBA9C5E36D0A71A6AF8971 /* Pods_CollectionViewSampleUITests.framework */ = {isa = PBXFileReference; explicitFileType = wrapper.framework; includeInIndex = 0; path = Pods_CollectionViewSampleUITests.framework; sourceTree = BUILT_PRODUCTS_DIR; };
		BB105A2D27B65E8173AD55C1 /* Pods-CollectionViewSampleTests.debug.xcconfig */ = {isa = PBXFileReference; includeInIndex = 1; lastKnownFileType = text.xcconfig; name = "Pods-CollectionViewSampleTests.debug.xcconfig"; path = "Pods/Target Support Files/Pods-CollectionViewSampleTests/Pods-CollectionViewSampleTests.debug.xcconfig"; sourceTree = "<group>"; };
		C2C13E3F4BAF03E8F2665BFE /* Pods-CollectionViewSampleUITests.release.xcconfig */ = {isa = PBXFileReference; includeInIndex = 1; lastKnownFileType = text.xcconfig; name = "Pods-CollectionViewSampleUITests.release.xcconfig"; path = "Pods/Target Support Files/Pods-CollectionViewSampleUITests/Pods-CollectionViewSampleUITests.release.xcconfig"; sourceTree = "<group>"; };
		DABD3C7DE750EE05F25BFEA2 /* Pods-CollectionViewSample.release.xcconfig */ = {isa = PBXFileReference; includeInIndex = 1; lastKnownFileType = text.xcconfig; name = "Pods-CollectionViewSample.release.xcconfig"; path = "Pods/Target Support Files/Pods-CollectionViewSample/Pods-CollectionViewSample.release.xcconfig"; sourceTree = "<group>"; };
		E15B5CC13D1602732F72327F /* Pods-CollectionViewSample.debug.xcconfig */ = {isa = PBXFileReference; includeInIndex = 1; lastKnownFileType = text.xcconfig; name = "Pods-CollectionViewSample.debug.xcconfig"; path = "Pods/Target Support Files/Pods-CollectionViewSample/Pods-CollectionViewSample.debug.xcconfig"; sourceTree = "<group>"; };
		E513834C1E6A306700BE36AC /* RecordViewController.swift */ = {isa = PBXFileReference; fileEncoding = 4; lastKnownFileType = sourcecode.swift; path = RecordViewController.swift; sourceTree = "<group>"; };
		E522F5DA1E65CD3F00156571 /* CollectionViewSample.app */ = {isa = PBXFileReference; explicitFileType = wrapper.application; includeInIndex = 0; path = CollectionViewSample.app; sourceTree = BUILT_PRODUCTS_DIR; };
		E522F5DD1E65CD3F00156571 /* AppDelegate.swift */ = {isa = PBXFileReference; lastKnownFileType = sourcecode.swift; path = AppDelegate.swift; sourceTree = "<group>"; };
		E522F5DF1E65CD3F00156571 /* ViewController.swift */ = {isa = PBXFileReference; lastKnownFileType = sourcecode.swift; path = ViewController.swift; sourceTree = "<group>"; };
		E522F5E21E65CD3F00156571 /* Base */ = {isa = PBXFileReference; lastKnownFileType = file.storyboard; name = Base; path = Base.lproj/Main.storyboard; sourceTree = "<group>"; };
		E522F5E41E65CD3F00156571 /* Assets.xcassets */ = {isa = PBXFileReference; lastKnownFileType = folder.assetcatalog; path = Assets.xcassets; sourceTree = "<group>"; };
		E522F5E71E65CD3F00156571 /* Base */ = {isa = PBXFileReference; lastKnownFileType = file.storyboard; name = Base; path = Base.lproj/LaunchScreen.storyboard; sourceTree = "<group>"; };
		E522F5E91E65CD3F00156571 /* Info.plist */ = {isa = PBXFileReference; lastKnownFileType = text.plist.xml; path = Info.plist; sourceTree = "<group>"; };
		E522F5EE1E65CD3F00156571 /* CollectionViewSampleTests.xctest */ = {isa = PBXFileReference; explicitFileType = wrapper.cfbundle; includeInIndex = 0; path = CollectionViewSampleTests.xctest; sourceTree = BUILT_PRODUCTS_DIR; };
		E522F5F21E65CD3F00156571 /* CollectionViewSampleTests.swift */ = {isa = PBXFileReference; lastKnownFileType = sourcecode.swift; path = CollectionViewSampleTests.swift; sourceTree = "<group>"; };
		E522F5F41E65CD3F00156571 /* Info.plist */ = {isa = PBXFileReference; lastKnownFileType = text.plist.xml; path = Info.plist; sourceTree = "<group>"; };
		E522F5F91E65CD3F00156571 /* CollectionViewSampleUITests.xctest */ = {isa = PBXFileReference; explicitFileType = wrapper.cfbundle; includeInIndex = 0; path = CollectionViewSampleUITests.xctest; sourceTree = BUILT_PRODUCTS_DIR; };
		E522F5FD1E65CD3F00156571 /* CollectionViewSampleUITests.swift */ = {isa = PBXFileReference; lastKnownFileType = sourcecode.swift; path = CollectionViewSampleUITests.swift; sourceTree = "<group>"; };
		E522F5FF1E65CD3F00156571 /* Info.plist */ = {isa = PBXFileReference; lastKnownFileType = text.plist.xml; path = Info.plist; sourceTree = "<group>"; };
		E522F60B1E65CFF400156571 /* CollectionViewController.swift */ = {isa = PBXFileReference; fileEncoding = 4; lastKnownFileType = sourcecode.swift; path = CollectionViewController.swift; sourceTree = "<group>"; };
		E522F60D1E65D0F900156571 /* AddCollectionViewCell.swift */ = {isa = PBXFileReference; fileEncoding = 4; lastKnownFileType = sourcecode.swift; path = AddCollectionViewCell.swift; sourceTree = "<group>"; };
		E522F60F1E65D10700156571 /* ItemCollectionViewCell.swift */ = {isa = PBXFileReference; fileEncoding = 4; lastKnownFileType = sourcecode.swift; path = ItemCollectionViewCell.swift; sourceTree = "<group>"; };
		E522F6111E65E7B600156571 /* ItemModel.swift */ = {isa = PBXFileReference; fileEncoding = 4; lastKnownFileType = sourcecode.swift; path = ItemModel.swift; sourceTree = "<group>"; };
		E53C93251E70827100260F58 /* SegmentCollectionViewCell.swift */ = {isa = PBXFileReference; fileEncoding = 4; lastKnownFileType = sourcecode.swift; path = SegmentCollectionViewCell.swift; sourceTree = "<group>"; };
		E53C93271E70923500260F58 /* SegmentCollectionViewCell.xib */ = {isa = PBXFileReference; fileEncoding = 4; lastKnownFileType = file.xib; path = SegmentCollectionViewCell.xib; sourceTree = "<group>"; };
		E549BEA01E76084D008FA524 /* RestaurantModel.swift */ = {isa = PBXFileReference; fileEncoding = 4; lastKnownFileType = sourcecode.swift; path = RestaurantModel.swift; sourceTree = "<group>"; };
		E549BEA61E7610B8008FA524 /* RestTypeSectionController.swift */ = {isa = PBXFileReference; fileEncoding = 4; lastKnownFileType = sourcecode.swift; path = RestTypeSectionController.swift; sourceTree = "<group>"; };
		E549BEA81E7610E1008FA524 /* RestNameSectionController.swift */ = {isa = PBXFileReference; fileEncoding = 4; lastKnownFileType = sourcecode.swift; path = RestNameSectionController.swift; sourceTree = "<group>"; };
		E549BEAA1E7610F6008FA524 /* RestPhotoSectionController.swift */ = {isa = PBXFileReference; fileEncoding = 4; lastKnownFileType = sourcecode.swift; path = RestPhotoSectionController.swift; sourceTree = "<group>"; };
		E549BEAC1E7613ED008FA524 /* DetailLabelCell.swift */ = {isa = PBXFileReference; fileEncoding = 4; lastKnownFileType = sourcecode.swift; path = DetailLabelCell.swift; sourceTree = "<group>"; };
		E549BEAE1E7614CE008FA524 /* TypeLabelCell.swift */ = {isa = PBXFileReference; fileEncoding = 4; lastKnownFileType = sourcecode.swift; path = TypeLabelCell.swift; sourceTree = "<group>"; };
		E549BEB01E7615E2008FA524 /* ImageCell.swift */ = {isa = PBXFileReference; fileEncoding = 4; lastKnownFileType = sourcecode.swift; path = ImageCell.swift; sourceTree = "<group>"; };
		E549BEB21E761FC1008FA524 /* MapCell.swift */ = {isa = PBXFileReference; fileEncoding = 4; lastKnownFileType = sourcecode.swift; path = MapCell.swift; sourceTree = "<group>"; };
		E549BEC01E762BB3008FA524 /* RestMapSectionController.swift */ = {isa = PBXFileReference; fileEncoding = 4; lastKnownFileType = sourcecode.swift; path = RestMapSectionController.swift; sourceTree = "<group>"; };
		E549BEC21E764353008FA524 /* RestaurantSectionController.swift */ = {isa = PBXFileReference; fileEncoding = 4; lastKnownFileType = sourcecode.swift; path = RestaurantSectionController.swift; sourceTree = "<group>"; };
		E549BEC41E774B3B008FA524 /* EmbeddedCollectionViewCell.swift */ = {isa = PBXFileReference; fileEncoding = 4; lastKnownFileType = sourcecode.swift; path = EmbeddedCollectionViewCell.swift; sourceTree = "<group>"; };
		E549BEC61E786FB9008FA524 /* RestaurantDetailViewController.swift */ = {isa = PBXFileReference; fileEncoding = 4; lastKnownFileType = sourcecode.swift; path = RestaurantDetailViewController.swift; sourceTree = "<group>"; };
		E549BEC81E788D6C008FA524 /* RestaurantSmallSectionController.swift */ = {isa = PBXFileReference; fileEncoding = 4; lastKnownFileType = sourcecode.swift; path = RestaurantSmallSectionController.swift; sourceTree = "<group>"; };
		E549BECA1E788F5F008FA524 /* RestaurantEmbeddedCollectionCell.swift */ = {isa = PBXFileReference; fileEncoding = 4; lastKnownFileType = sourcecode.swift; path = RestaurantEmbeddedCollectionCell.swift; sourceTree = "<group>"; };
		E549BECC1E7B7140008FA524 /* RestaurantSmallCell.swift */ = {isa = PBXFileReference; fileEncoding = 4; lastKnownFileType = sourcecode.swift; path = RestaurantSmallCell.swift; sourceTree = "<group>"; };
		E549BECD1E7B7140008FA524 /* RestaurantSmallCell.xib */ = {isa = PBXFileReference; fileEncoding = 4; lastKnownFileType = file.xib; path = RestaurantSmallCell.xib; sourceTree = "<group>"; };
		E5BFDF4C1E75EFDF00BE501C /* MainViewController.swift */ = {isa = PBXFileReference; fileEncoding = 4; lastKnownFileType = sourcecode.swift; path = MainViewController.swift; sourceTree = "<group>"; };
		FF5E7D2A6FC160589DA7F310 /* Pods-CollectionViewSampleUITests.debug.xcconfig */ = {isa = PBXFileReference; includeInIndex = 1; lastKnownFileType = text.xcconfig; name = "Pods-CollectionViewSampleUITests.debug.xcconfig"; path = "Pods/Target Support Files/Pods-CollectionViewSampleUITests/Pods-CollectionViewSampleUITests.debug.xcconfig"; sourceTree = "<group>"; };
/* End PBXFileReference section */

/* Begin PBXFrameworksBuildPhase section */
		E522F5D71E65CD3F00156571 /* Frameworks */ = {
			isa = PBXFrameworksBuildPhase;
			buildActionMask = 2147483647;
			files = (
				8DB304484F20758966391D9A /* Pods_CollectionViewSample.framework in Frameworks */,
			);
			runOnlyForDeploymentPostprocessing = 0;
		};
		E522F5EB1E65CD3F00156571 /* Frameworks */ = {
			isa = PBXFrameworksBuildPhase;
			buildActionMask = 2147483647;
			files = (
				3CB0FDFE3B0A0CAD4F6BA6E6 /* Pods_CollectionViewSampleTests.framework in Frameworks */,
			);
			runOnlyForDeploymentPostprocessing = 0;
		};
		E522F5F61E65CD3F00156571 /* Frameworks */ = {
			isa = PBXFrameworksBuildPhase;
			buildActionMask = 2147483647;
			files = (
				FCD0698EE5642910ED07D935 /* Pods_CollectionViewSampleUITests.framework in Frameworks */,
			);
			runOnlyForDeploymentPostprocessing = 0;
		};
/* End PBXFrameworksBuildPhase section */

/* Begin PBXGroup section */
		1BA9BF1C560BF758C1695713 /* Pods */ = {
			isa = PBXGroup;
			children = (
				E15B5CC13D1602732F72327F /* Pods-CollectionViewSample.debug.xcconfig */,
				DABD3C7DE750EE05F25BFEA2 /* Pods-CollectionViewSample.release.xcconfig */,
				BB105A2D27B65E8173AD55C1 /* Pods-CollectionViewSampleTests.debug.xcconfig */,
				74DBED7C968045C24E43F788 /* Pods-CollectionViewSampleTests.release.xcconfig */,
				FF5E7D2A6FC160589DA7F310 /* Pods-CollectionViewSampleUITests.debug.xcconfig */,
				C2C13E3F4BAF03E8F2665BFE /* Pods-CollectionViewSampleUITests.release.xcconfig */,
			);
			name = Pods;
			sourceTree = "<group>";
		};
		5F7B066C1AAC1A1752BFC77F /* Frameworks */ = {
			isa = PBXGroup;
			children = (
				5A6A3116F8D73AB05FDCF0C2 /* Pods_CollectionViewSample.framework */,
				04632C979FE3A4E6E8A5204E /* Pods_CollectionViewSampleTests.framework */,
				A3DBA9C5E36D0A71A6AF8971 /* Pods_CollectionViewSampleUITests.framework */,
			);
			name = Frameworks;
			sourceTree = "<group>";
		};
		E522F5D11E65CD3F00156571 = {
			isa = PBXGroup;
			children = (
				E522F5DC1E65CD3F00156571 /* CollectionViewSample */,
				E522F5F11E65CD3F00156571 /* CollectionViewSampleTests */,
				E522F5FC1E65CD3F00156571 /* CollectionViewSampleUITests */,
				E522F5DB1E65CD3F00156571 /* Products */,
				1BA9BF1C560BF758C1695713 /* Pods */,
				5F7B066C1AAC1A1752BFC77F /* Frameworks */,
			);
			sourceTree = "<group>";
		};
		E522F5DB1E65CD3F00156571 /* Products */ = {
			isa = PBXGroup;
			children = (
				E522F5DA1E65CD3F00156571 /* CollectionViewSample.app */,
				E522F5EE1E65CD3F00156571 /* CollectionViewSampleTests.xctest */,
				E522F5F91E65CD3F00156571 /* CollectionViewSampleUITests.xctest */,
			);
			name = Products;
			sourceTree = "<group>";
		};
		E522F5DC1E65CD3F00156571 /* CollectionViewSample */ = {
			isa = PBXGroup;
			children = (
				E549BEB71E76238D008FA524 /* Important Stuff */,
				E549BEB41E76232C008FA524 /* Main View Controller */,
				E549BEB51E762354008FA524 /* Recorder View Controllers */,
				E549BEB61E762374008FA524 /* Other */,
			);
			path = CollectionViewSample;
			sourceTree = "<group>";
		};
		E522F5F11E65CD3F00156571 /* CollectionViewSampleTests */ = {
			isa = PBXGroup;
			children = (
				E522F5F21E65CD3F00156571 /* CollectionViewSampleTests.swift */,
				E522F5F41E65CD3F00156571 /* Info.plist */,
			);
			path = CollectionViewSampleTests;
			sourceTree = "<group>";
		};
		E522F5FC1E65CD3F00156571 /* CollectionViewSampleUITests */ = {
			isa = PBXGroup;
			children = (
				E522F5FD1E65CD3F00156571 /* CollectionViewSampleUITests.swift */,
				E522F5FF1E65CD3F00156571 /* Info.plist */,
			);
			path = CollectionViewSampleUITests;
			sourceTree = "<group>";
		};
		E549BEB41E76232C008FA524 /* Main View Controller */ = {
			isa = PBXGroup;
			children = (
				E549BEB81E7623DC008FA524 /* Model */,
				E549BEB91E7623E2008FA524 /* View */,
				E549BEBC1E762427008FA524 /* Controller */,
			);
			name = "Main View Controller";
			sourceTree = "<group>";
		};
		E549BEB51E762354008FA524 /* Recorder View Controllers */ = {
			isa = PBXGroup;
			children = (
				E549BEBF1E762449008FA524 /* Model */,
				E549BEBE1E762445008FA524 /* View */,
				E549BEBD1E76243D008FA524 /* Controller */,
			);
			name = "Recorder View Controllers";
			sourceTree = "<group>";
		};
		E549BEB61E762374008FA524 /* Other */ = {
			isa = PBXGroup;
			children = (
				E522F5DF1E65CD3F00156571 /* ViewController.swift */,
			);
			name = Other;
			sourceTree = "<group>";
		};
		E549BEB71E76238D008FA524 /* Important Stuff */ = {
			isa = PBXGroup;
			children = (
				E522F5DD1E65CD3F00156571 /* AppDelegate.swift */,
				E522F5E11E65CD3F00156571 /* Main.storyboard */,
				E522F5E41E65CD3F00156571 /* Assets.xcassets */,
				E522F5E61E65CD3F00156571 /* LaunchScreen.storyboard */,
				E522F5E91E65CD3F00156571 /* Info.plist */,
			);
			name = "Important Stuff";
			sourceTree = "<group>";
		};
		E549BEB81E7623DC008FA524 /* Model */ = {
			isa = PBXGroup;
			children = (
				E549BEA01E76084D008FA524 /* RestaurantModel.swift */,
			);
			name = Model;
			sourceTree = "<group>";
		};
		E549BEB91E7623E2008FA524 /* View */ = {
			isa = PBXGroup;
			children = (
				E549BEAC1E7613ED008FA524 /* DetailLabelCell.swift */,
				E549BEAE1E7614CE008FA524 /* TypeLabelCell.swift */,
				E549BEB01E7615E2008FA524 /* ImageCell.swift */,
				E549BEB21E761FC1008FA524 /* MapCell.swift */,
				E549BEC41E774B3B008FA524 /* EmbeddedCollectionViewCell.swift */,
				E549BECA1E788F5F008FA524 /* RestaurantEmbeddedCollectionCell.swift */,
				E549BECC1E7B7140008FA524 /* RestaurantSmallCell.swift */,
				E549BECD1E7B7140008FA524 /* RestaurantSmallCell.xib */,
			);
			name = View;
			sourceTree = "<group>";
		};
		E549BEBA1E7623E7008FA524 /* Section Controllers */ = {
			isa = PBXGroup;
			children = (
				E549BEC21E764353008FA524 /* RestaurantSectionController.swift */,
				E549BEC81E788D6C008FA524 /* RestaurantSmallSectionController.swift */,
				E549BEA81E7610E1008FA524 /* RestNameSectionController.swift */,
				E549BEA61E7610B8008FA524 /* RestTypeSectionController.swift */,
				E549BEAA1E7610F6008FA524 /* RestPhotoSectionController.swift */,
				E549BEC01E762BB3008FA524 /* RestMapSectionController.swift */,
			);
			name = "Section Controllers";
			sourceTree = "<group>";
		};
		E549BEBB1E762407008FA524 /* View Controllers */ = {
			isa = PBXGroup;
			children = (
				E5BFDF4C1E75EFDF00BE501C /* MainViewController.swift */,
				E549BEC61E786FB9008FA524 /* RestaurantDetailViewController.swift */,
			);
			name = "View Controllers";
			sourceTree = "<group>";
		};
		E549BEBC1E762427008FA524 /* Controller */ = {
			isa = PBXGroup;
			children = (
				E549BEBB1E762407008FA524 /* View Controllers */,
				E549BEBA1E7623E7008FA524 /* Section Controllers */,
			);
			name = Controller;
			sourceTree = "<group>";
		};
		E549BEBD1E76243D008FA524 /* Controller */ = {
			isa = PBXGroup;
			children = (
				E522F60B1E65CFF400156571 /* CollectionViewController.swift */,
				E513834C1E6A306700BE36AC /* RecordViewController.swift */,
			);
			name = Controller;
			sourceTree = "<group>";
		};
		E549BEBE1E762445008FA524 /* View */ = {
			isa = PBXGroup;
			children = (
				E522F60D1E65D0F900156571 /* AddCollectionViewCell.swift */,
				E522F60F1E65D10700156571 /* ItemCollectionViewCell.swift */,
				E53C93251E70827100260F58 /* SegmentCollectionViewCell.swift */,
				E53C93271E70923500260F58 /* SegmentCollectionViewCell.xib */,
			);
			name = View;
			sourceTree = "<group>";
		};
		E549BEBF1E762449008FA524 /* Model */ = {
			isa = PBXGroup;
			children = (
				E522F6111E65E7B600156571 /* ItemModel.swift */,
			);
			name = Model;
			sourceTree = "<group>";
		};
/* End PBXGroup section */

/* Begin PBXNativeTarget section */
		E522F5D91E65CD3F00156571 /* CollectionViewSample */ = {
			isa = PBXNativeTarget;
			buildConfigurationList = E522F6021E65CD3F00156571 /* Build configuration list for PBXNativeTarget "CollectionViewSample" */;
			buildPhases = (
				D735ACC67BB63E1275FD2BA0 /* [CP] Check Pods Manifest.lock */,
				E522F5D61E65CD3F00156571 /* Sources */,
				E522F5D71E65CD3F00156571 /* Frameworks */,
				E522F5D81E65CD3F00156571 /* Resources */,
				25386A9C18DBFFB8716ED00F /* [CP] Embed Pods Frameworks */,
				450A70D248081C93EC7E7569 /* [CP] Copy Pods Resources */,
			);
			buildRules = (
			);
			dependencies = (
			);
			name = CollectionViewSample;
			productName = CollectionViewSample;
			productReference = E522F5DA1E65CD3F00156571 /* CollectionViewSample.app */;
			productType = "com.apple.product-type.application";
		};
		E522F5ED1E65CD3F00156571 /* CollectionViewSampleTests */ = {
			isa = PBXNativeTarget;
			buildConfigurationList = E522F6051E65CD3F00156571 /* Build configuration list for PBXNativeTarget "CollectionViewSampleTests" */;
			buildPhases = (
				D74BED09E042E3E4F7EB104C /* [CP] Check Pods Manifest.lock */,
				E522F5EA1E65CD3F00156571 /* Sources */,
				E522F5EB1E65CD3F00156571 /* Frameworks */,
				E522F5EC1E65CD3F00156571 /* Resources */,
				0AF67FD34CED47EB85827546 /* [CP] Embed Pods Frameworks */,
				56D8E095474BA18A7D450A45 /* [CP] Copy Pods Resources */,
			);
			buildRules = (
			);
			dependencies = (
				E522F5F01E65CD3F00156571 /* PBXTargetDependency */,
			);
			name = CollectionViewSampleTests;
			productName = CollectionViewSampleTests;
			productReference = E522F5EE1E65CD3F00156571 /* CollectionViewSampleTests.xctest */;
			productType = "com.apple.product-type.bundle.unit-test";
		};
		E522F5F81E65CD3F00156571 /* CollectionViewSampleUITests */ = {
			isa = PBXNativeTarget;
			buildConfigurationList = E522F6081E65CD3F00156571 /* Build configuration list for PBXNativeTarget "CollectionViewSampleUITests" */;
			buildPhases = (
				42AC4A874D365EEFEFE3B1F7 /* [CP] Check Pods Manifest.lock */,
				E522F5F51E65CD3F00156571 /* Sources */,
				E522F5F61E65CD3F00156571 /* Frameworks */,
				E522F5F71E65CD3F00156571 /* Resources */,
				3DBA933FB13100428B9E928F /* [CP] Embed Pods Frameworks */,
				2BD47712DC812AF4FEF34D3E /* [CP] Copy Pods Resources */,
			);
			buildRules = (
			);
			dependencies = (
				E522F5FB1E65CD3F00156571 /* PBXTargetDependency */,
			);
			name = CollectionViewSampleUITests;
			productName = CollectionViewSampleUITests;
			productReference = E522F5F91E65CD3F00156571 /* CollectionViewSampleUITests.xctest */;
			productType = "com.apple.product-type.bundle.ui-testing";
		};
/* End PBXNativeTarget section */

/* Begin PBXProject section */
		E522F5D21E65CD3F00156571 /* Project object */ = {
			isa = PBXProject;
			attributes = {
				LastSwiftUpdateCheck = 0820;
				LastUpgradeCheck = 0820;
				ORGANIZATIONNAME = "Pawel Furtek";
				TargetAttributes = {
					E522F5D91E65CD3F00156571 = {
						CreatedOnToolsVersion = 8.2.1;
						DevelopmentTeam = MK5EHZ24M9;
						ProvisioningStyle = Automatic;
					};
					E522F5ED1E65CD3F00156571 = {
						CreatedOnToolsVersion = 8.2.1;
						DevelopmentTeam = MK5EHZ24M9;
						ProvisioningStyle = Automatic;
						TestTargetID = E522F5D91E65CD3F00156571;
					};
					E522F5F81E65CD3F00156571 = {
						CreatedOnToolsVersion = 8.2.1;
						DevelopmentTeam = MK5EHZ24M9;
						ProvisioningStyle = Automatic;
						TestTargetID = E522F5D91E65CD3F00156571;
					};
				};
			};
			buildConfigurationList = E522F5D51E65CD3F00156571 /* Build configuration list for PBXProject "CollectionViewSample" */;
			compatibilityVersion = "Xcode 3.2";
			developmentRegion = English;
			hasScannedForEncodings = 0;
			knownRegions = (
				en,
				Base,
			);
			mainGroup = E522F5D11E65CD3F00156571;
			productRefGroup = E522F5DB1E65CD3F00156571 /* Products */;
			projectDirPath = "";
			projectRoot = "";
			targets = (
				E522F5D91E65CD3F00156571 /* CollectionViewSample */,
				E522F5ED1E65CD3F00156571 /* CollectionViewSampleTests */,
				E522F5F81E65CD3F00156571 /* CollectionViewSampleUITests */,
			);
		};
/* End PBXProject section */

/* Begin PBXResourcesBuildPhase section */
		E522F5D81E65CD3F00156571 /* Resources */ = {
			isa = PBXResourcesBuildPhase;
			buildActionMask = 2147483647;
			files = (
				E53C93281E70923500260F58 /* SegmentCollectionViewCell.xib in Resources */,
				E522F5E81E65CD3F00156571 /* LaunchScreen.storyboard in Resources */,
				E522F5E51E65CD3F00156571 /* Assets.xcassets in Resources */,
				E549BECF1E7B7140008FA524 /* RestaurantSmallCell.xib in Resources */,
				E522F5E31E65CD3F00156571 /* Main.storyboard in Resources */,
			);
			runOnlyForDeploymentPostprocessing = 0;
		};
		E522F5EC1E65CD3F00156571 /* Resources */ = {
			isa = PBXResourcesBuildPhase;
			buildActionMask = 2147483647;
			files = (
			);
			runOnlyForDeploymentPostprocessing = 0;
		};
		E522F5F71E65CD3F00156571 /* Resources */ = {
			isa = PBXResourcesBuildPhase;
			buildActionMask = 2147483647;
			files = (
			);
			runOnlyForDeploymentPostprocessing = 0;
		};
/* End PBXResourcesBuildPhase section */

/* Begin PBXShellScriptBuildPhase section */
		0AF67FD34CED47EB85827546 /* [CP] Embed Pods Frameworks */ = {
			isa = PBXShellScriptBuildPhase;
			buildActionMask = 2147483647;
			files = (
			);
			inputPaths = (
			);
			name = "[CP] Embed Pods Frameworks";
			outputPaths = (
			);
			runOnlyForDeploymentPostprocessing = 0;
			shellPath = /bin/sh;
			shellScript = "\"${SRCROOT}/Pods/Target Support Files/Pods-CollectionViewSampleTests/Pods-CollectionViewSampleTests-frameworks.sh\"\n";
			showEnvVarsInLog = 0;
		};
		25386A9C18DBFFB8716ED00F /* [CP] Embed Pods Frameworks */ = {
			isa = PBXShellScriptBuildPhase;
			buildActionMask = 2147483647;
			files = (
			);
			inputPaths = (
			);
			name = "[CP] Embed Pods Frameworks";
			outputPaths = (
			);
			runOnlyForDeploymentPostprocessing = 0;
			shellPath = /bin/sh;
			shellScript = "\"${SRCROOT}/Pods/Target Support Files/Pods-CollectionViewSample/Pods-CollectionViewSample-frameworks.sh\"\n";
			showEnvVarsInLog = 0;
		};
		2BD47712DC812AF4FEF34D3E /* [CP] Copy Pods Resources */ = {
			isa = PBXShellScriptBuildPhase;
			buildActionMask = 2147483647;
			files = (
			);
			inputPaths = (
			);
			name = "[CP] Copy Pods Resources";
			outputPaths = (
			);
			runOnlyForDeploymentPostprocessing = 0;
			shellPath = /bin/sh;
			shellScript = "\"${SRCROOT}/Pods/Target Support Files/Pods-CollectionViewSampleUITests/Pods-CollectionViewSampleUITests-resources.sh\"\n";
			showEnvVarsInLog = 0;
		};
		3DBA933FB13100428B9E928F /* [CP] Embed Pods Frameworks */ = {
			isa = PBXShellScriptBuildPhase;
			buildActionMask = 2147483647;
			files = (
			);
			inputPaths = (
			);
			name = "[CP] Embed Pods Frameworks";
			outputPaths = (
			);
			runOnlyForDeploymentPostprocessing = 0;
			shellPath = /bin/sh;
			shellScript = "\"${SRCROOT}/Pods/Target Support Files/Pods-CollectionViewSampleUITests/Pods-CollectionViewSampleUITests-frameworks.sh\"\n";
			showEnvVarsInLog = 0;
		};
		42AC4A874D365EEFEFE3B1F7 /* [CP] Check Pods Manifest.lock */ = {
			isa = PBXShellScriptBuildPhase;
			buildActionMask = 2147483647;
			files = (
			);
			inputPaths = (
			);
			name = "[CP] Check Pods Manifest.lock";
			outputPaths = (
			);
			runOnlyForDeploymentPostprocessing = 0;
			shellPath = /bin/sh;
			shellScript = "diff \"${PODS_ROOT}/../Podfile.lock\" \"${PODS_ROOT}/Manifest.lock\" > /dev/null\nif [ $? != 0 ] ; then\n    # print error to STDERR\n    echo \"error: The sandbox is not in sync with the Podfile.lock. Run 'pod install' or update your CocoaPods installation.\" >&2\n    exit 1\nfi\n";
			showEnvVarsInLog = 0;
		};
		450A70D248081C93EC7E7569 /* [CP] Copy Pods Resources */ = {
			isa = PBXShellScriptBuildPhase;
			buildActionMask = 2147483647;
			files = (
			);
			inputPaths = (
			);
			name = "[CP] Copy Pods Resources";
			outputPaths = (
			);
			runOnlyForDeploymentPostprocessing = 0;
			shellPath = /bin/sh;
			shellScript = "\"${SRCROOT}/Pods/Target Support Files/Pods-CollectionViewSample/Pods-CollectionViewSample-resources.sh\"\n";
			showEnvVarsInLog = 0;
		};
		56D8E095474BA18A7D450A45 /* [CP] Copy Pods Resources */ = {
			isa = PBXShellScriptBuildPhase;
			buildActionMask = 2147483647;
			files = (
			);
			inputPaths = (
			);
			name = "[CP] Copy Pods Resources";
			outputPaths = (
			);
			runOnlyForDeploymentPostprocessing = 0;
			shellPath = /bin/sh;
			shellScript = "\"${SRCROOT}/Pods/Target Support Files/Pods-CollectionViewSampleTests/Pods-CollectionViewSampleTests-resources.sh\"\n";
			showEnvVarsInLog = 0;
		};
		D735ACC67BB63E1275FD2BA0 /* [CP] Check Pods Manifest.lock */ = {
			isa = PBXShellScriptBuildPhase;
			buildActionMask = 2147483647;
			files = (
			);
			inputPaths = (
			);
			name = "[CP] Check Pods Manifest.lock";
			outputPaths = (
			);
			runOnlyForDeploymentPostprocessing = 0;
			shellPath = /bin/sh;
			shellScript = "diff \"${PODS_ROOT}/../Podfile.lock\" \"${PODS_ROOT}/Manifest.lock\" > /dev/null\nif [ $? != 0 ] ; then\n    # print error to STDERR\n    echo \"error: The sandbox is not in sync with the Podfile.lock. Run 'pod install' or update your CocoaPods installation.\" >&2\n    exit 1\nfi\n";
			showEnvVarsInLog = 0;
		};
		D74BED09E042E3E4F7EB104C /* [CP] Check Pods Manifest.lock */ = {
			isa = PBXShellScriptBuildPhase;
			buildActionMask = 2147483647;
			files = (
			);
			inputPaths = (
			);
			name = "[CP] Check Pods Manifest.lock";
			outputPaths = (
			);
			runOnlyForDeploymentPostprocessing = 0;
			shellPath = /bin/sh;
			shellScript = "diff \"${PODS_ROOT}/../Podfile.lock\" \"${PODS_ROOT}/Manifest.lock\" > /dev/null\nif [ $? != 0 ] ; then\n    # print error to STDERR\n    echo \"error: The sandbox is not in sync with the Podfile.lock. Run 'pod install' or update your CocoaPods installation.\" >&2\n    exit 1\nfi\n";
			showEnvVarsInLog = 0;
		};
/* End PBXShellScriptBuildPhase section */

/* Begin PBXSourcesBuildPhase section */
		E522F5D61E65CD3F00156571 /* Sources */ = {
			isa = PBXSourcesBuildPhase;
			buildActionMask = 2147483647;
			files = (
				E549BEAF1E7614CE008FA524 /* TypeLabelCell.swift in Sources */,
				E549BEAB1E7610F6008FA524 /* RestPhotoSectionController.swift in Sources */,
				E549BEAD1E7613ED008FA524 /* DetailLabelCell.swift in Sources */,
				E522F6121E65E7B600156571 /* ItemModel.swift in Sources */,
				E549BEB31E761FC1008FA524 /* MapCell.swift in Sources */,
				E522F6101E65D10700156571 /* ItemCollectionViewCell.swift in Sources */,
				E549BECE1E7B7140008FA524 /* RestaurantSmallCell.swift in Sources */,
				E549BEC91E788D6C008FA524 /* RestaurantSmallSectionController.swift in Sources */,
				E522F60C1E65CFF400156571 /* CollectionViewController.swift in Sources */,
				E513834D1E6A306700BE36AC /* RecordViewController.swift in Sources */,
				E549BEA11E76084D008FA524 /* RestaurantModel.swift in Sources */,
				E53C93261E70827100260F58 /* SegmentCollectionViewCell.swift in Sources */,
				E549BEA71E7610B8008FA524 /* RestTypeSectionController.swift in Sources */,
				E522F5E01E65CD3F00156571 /* ViewController.swift in Sources */,
				E5BFDF4D1E75EFDF00BE501C /* MainViewController.swift in Sources */,
				E522F60E1E65D0F900156571 /* AddCollectionViewCell.swift in Sources */,
				E549BEC11E762BB3008FA524 /* RestMapSectionController.swift in Sources */,
				E549BEC31E764353008FA524 /* RestaurantSectionController.swift in Sources */,
				E549BEC51E774B3B008FA524 /* EmbeddedCollectionViewCell.swift in Sources */,
				E549BEB11E7615E2008FA524 /* ImageCell.swift in Sources */,
				E549BEA91E7610E1008FA524 /* RestNameSectionController.swift in Sources */,
				E549BECB1E788F5F008FA524 /* RestaurantEmbeddedCollectionCell.swift in Sources */,
				E549BEC71E786FB9008FA524 /* RestaurantDetailViewController.swift in Sources */,
				E522F5DE1E65CD3F00156571 /* AppDelegate.swift in Sources */,
			);
			runOnlyForDeploymentPostprocessing = 0;
		};
		E522F5EA1E65CD3F00156571 /* Sources */ = {
			isa = PBXSourcesBuildPhase;
			buildActionMask = 2147483647;
			files = (
				E522F5F31E65CD3F00156571 /* CollectionViewSampleTests.swift in Sources */,
			);
			runOnlyForDeploymentPostprocessing = 0;
		};
		E522F5F51E65CD3F00156571 /* Sources */ = {
			isa = PBXSourcesBuildPhase;
			buildActionMask = 2147483647;
			files = (
				E522F5FE1E65CD3F00156571 /* CollectionViewSampleUITests.swift in Sources */,
			);
			runOnlyForDeploymentPostprocessing = 0;
		};
/* End PBXSourcesBuildPhase section */

/* Begin PBXTargetDependency section */
		E522F5F01E65CD3F00156571 /* PBXTargetDependency */ = {
			isa = PBXTargetDependency;
			target = E522F5D91E65CD3F00156571 /* CollectionViewSample */;
			targetProxy = E522F5EF1E65CD3F00156571 /* PBXContainerItemProxy */;
		};
		E522F5FB1E65CD3F00156571 /* PBXTargetDependency */ = {
			isa = PBXTargetDependency;
			target = E522F5D91E65CD3F00156571 /* CollectionViewSample */;
			targetProxy = E522F5FA1E65CD3F00156571 /* PBXContainerItemProxy */;
		};
/* End PBXTargetDependency section */

/* Begin PBXVariantGroup section */
		E522F5E11E65CD3F00156571 /* Main.storyboard */ = {
			isa = PBXVariantGroup;
			children = (
				E522F5E21E65CD3F00156571 /* Base */,
			);
			name = Main.storyboard;
			sourceTree = "<group>";
		};
		E522F5E61E65CD3F00156571 /* LaunchScreen.storyboard */ = {
			isa = PBXVariantGroup;
			children = (
				E522F5E71E65CD3F00156571 /* Base */,
			);
			name = LaunchScreen.storyboard;
			sourceTree = "<group>";
		};
/* End PBXVariantGroup section */

/* Begin XCBuildConfiguration section */
		E522F6001E65CD3F00156571 /* Debug */ = {
			isa = XCBuildConfiguration;
			buildSettings = {
				ALWAYS_SEARCH_USER_PATHS = NO;
				CLANG_ANALYZER_NONNULL = YES;
				CLANG_CXX_LANGUAGE_STANDARD = "gnu++0x";
				CLANG_CXX_LIBRARY = "libc++";
				CLANG_ENABLE_MODULES = YES;
				CLANG_ENABLE_OBJC_ARC = YES;
				CLANG_WARN_BOOL_CONVERSION = YES;
				CLANG_WARN_CONSTANT_CONVERSION = YES;
				CLANG_WARN_DIRECT_OBJC_ISA_USAGE = YES_ERROR;
				CLANG_WARN_DOCUMENTATION_COMMENTS = YES;
				CLANG_WARN_EMPTY_BODY = YES;
				CLANG_WARN_ENUM_CONVERSION = YES;
				CLANG_WARN_INFINITE_RECURSION = YES;
				CLANG_WARN_INT_CONVERSION = YES;
				CLANG_WARN_OBJC_ROOT_CLASS = YES_ERROR;
				CLANG_WARN_SUSPICIOUS_MOVE = YES;
				CLANG_WARN_UNREACHABLE_CODE = YES;
				CLANG_WARN__DUPLICATE_METHOD_MATCH = YES;
				"CODE_SIGN_IDENTITY[sdk=iphoneos*]" = "iPhone Developer";
				COPY_PHASE_STRIP = NO;
				DEBUG_INFORMATION_FORMAT = dwarf;
				ENABLE_STRICT_OBJC_MSGSEND = YES;
				ENABLE_TESTABILITY = YES;
				GCC_C_LANGUAGE_STANDARD = gnu99;
				GCC_DYNAMIC_NO_PIC = NO;
				GCC_NO_COMMON_BLOCKS = YES;
				GCC_OPTIMIZATION_LEVEL = 0;
				GCC_PREPROCESSOR_DEFINITIONS = (
					"DEBUG=1",
					"$(inherited)",
				);
				GCC_WARN_64_TO_32_BIT_CONVERSION = YES;
				GCC_WARN_ABOUT_RETURN_TYPE = YES_ERROR;
				GCC_WARN_UNDECLARED_SELECTOR = YES;
				GCC_WARN_UNINITIALIZED_AUTOS = YES_AGGRESSIVE;
				GCC_WARN_UNUSED_FUNCTION = YES;
				GCC_WARN_UNUSED_VARIABLE = YES;
				IPHONEOS_DEPLOYMENT_TARGET = 10.2;
				MTL_ENABLE_DEBUG_INFO = YES;
				ONLY_ACTIVE_ARCH = YES;
				SDKROOT = iphoneos;
				SWIFT_ACTIVE_COMPILATION_CONDITIONS = DEBUG;
				SWIFT_OPTIMIZATION_LEVEL = "-Onone";
			};
			name = Debug;
		};
		E522F6011E65CD3F00156571 /* Release */ = {
			isa = XCBuildConfiguration;
			buildSettings = {
				ALWAYS_SEARCH_USER_PATHS = NO;
				CLANG_ANALYZER_NONNULL = YES;
				CLANG_CXX_LANGUAGE_STANDARD = "gnu++0x";
				CLANG_CXX_LIBRARY = "libc++";
				CLANG_ENABLE_MODULES = YES;
				CLANG_ENABLE_OBJC_ARC = YES;
				CLANG_WARN_BOOL_CONVERSION = YES;
				CLANG_WARN_CONSTANT_CONVERSION = YES;
				CLANG_WARN_DIRECT_OBJC_ISA_USAGE = YES_ERROR;
				CLANG_WARN_DOCUMENTATION_COMMENTS = YES;
				CLANG_WARN_EMPTY_BODY = YES;
				CLANG_WARN_ENUM_CONVERSION = YES;
				CLANG_WARN_INFINITE_RECURSION = YES;
				CLANG_WARN_INT_CONVERSION = YES;
				CLANG_WARN_OBJC_ROOT_CLASS = YES_ERROR;
				CLANG_WARN_SUSPICIOUS_MOVE = YES;
				CLANG_WARN_UNREACHABLE_CODE = YES;
				CLANG_WARN__DUPLICATE_METHOD_MATCH = YES;
				"CODE_SIGN_IDENTITY[sdk=iphoneos*]" = "iPhone Developer";
				COPY_PHASE_STRIP = NO;
				DEBUG_INFORMATION_FORMAT = "dwarf-with-dsym";
				ENABLE_NS_ASSERTIONS = NO;
				ENABLE_STRICT_OBJC_MSGSEND = YES;
				GCC_C_LANGUAGE_STANDARD = gnu99;
				GCC_NO_COMMON_BLOCKS = YES;
				GCC_WARN_64_TO_32_BIT_CONVERSION = YES;
				GCC_WARN_ABOUT_RETURN_TYPE = YES_ERROR;
				GCC_WARN_UNDECLARED_SELECTOR = YES;
				GCC_WARN_UNINITIALIZED_AUTOS = YES_AGGRESSIVE;
				GCC_WARN_UNUSED_FUNCTION = YES;
				GCC_WARN_UNUSED_VARIABLE = YES;
				IPHONEOS_DEPLOYMENT_TARGET = 10.2;
				MTL_ENABLE_DEBUG_INFO = NO;
				SDKROOT = iphoneos;
				SWIFT_OPTIMIZATION_LEVEL = "-Owholemodule";
				VALIDATE_PRODUCT = YES;
			};
			name = Release;
		};
		E522F6031E65CD3F00156571 /* Debug */ = {
			isa = XCBuildConfiguration;
			baseConfigurationReference = E15B5CC13D1602732F72327F /* Pods-CollectionViewSample.debug.xcconfig */;
			buildSettings = {
				ASSETCATALOG_COMPILER_APPICON_NAME = AppIcon;
				DEVELOPMENT_TEAM = MK5EHZ24M9;
				INFOPLIST_FILE = CollectionViewSample/Info.plist;
				LD_RUNPATH_SEARCH_PATHS = "$(inherited) @executable_path/Frameworks";
				PRODUCT_BUNDLE_IDENTIFIER = com.3good.CollectionViewSample;
				PRODUCT_NAME = "$(TARGET_NAME)";
				SWIFT_VERSION = 3.0;
				TARGETED_DEVICE_FAMILY = "1,2";
			};
			name = Debug;
		};
		E522F6041E65CD3F00156571 /* Release */ = {
			isa = XCBuildConfiguration;
			baseConfigurationReference = DABD3C7DE750EE05F25BFEA2 /* Pods-CollectionViewSample.release.xcconfig */;
			buildSettings = {
				ASSETCATALOG_COMPILER_APPICON_NAME = AppIcon;
				DEVELOPMENT_TEAM = MK5EHZ24M9;
				INFOPLIST_FILE = CollectionViewSample/Info.plist;
				LD_RUNPATH_SEARCH_PATHS = "$(inherited) @executable_path/Frameworks";
				PRODUCT_BUNDLE_IDENTIFIER = com.3good.CollectionViewSample;
				PRODUCT_NAME = "$(TARGET_NAME)";
				SWIFT_VERSION = 3.0;
				TARGETED_DEVICE_FAMILY = "1,2";
			};
			name = Release;
		};
		E522F6061E65CD3F00156571 /* Debug */ = {
			isa = XCBuildConfiguration;
			baseConfigurationReference = BB105A2D27B65E8173AD55C1 /* Pods-CollectionViewSampleTests.debug.xcconfig */;
			buildSettings = {
				ALWAYS_EMBED_SWIFT_STANDARD_LIBRARIES = YES;
				BUNDLE_LOADER = "$(TEST_HOST)";
				DEVELOPMENT_TEAM = MK5EHZ24M9;
				INFOPLIST_FILE = CollectionViewSampleTests/Info.plist;
				LD_RUNPATH_SEARCH_PATHS = "$(inherited) @executable_path/Frameworks @loader_path/Frameworks";
				PRODUCT_BUNDLE_IDENTIFIER = com.3good.CollectionViewSampleTests;
				PRODUCT_NAME = "$(TARGET_NAME)";
				SWIFT_VERSION = 3.0;
				TEST_HOST = "$(BUILT_PRODUCTS_DIR)/CollectionViewSample.app/CollectionViewSample";
			};
			name = Debug;
		};
		E522F6071E65CD3F00156571 /* Release */ = {
			isa = XCBuildConfiguration;
			baseConfigurationReference = 74DBED7C968045C24E43F788 /* Pods-CollectionViewSampleTests.release.xcconfig */;
			buildSettings = {
				ALWAYS_EMBED_SWIFT_STANDARD_LIBRARIES = YES;
				BUNDLE_LOADER = "$(TEST_HOST)";
				DEVELOPMENT_TEAM = MK5EHZ24M9;
				INFOPLIST_FILE = CollectionViewSampleTests/Info.plist;
				LD_RUNPATH_SEARCH_PATHS = "$(inherited) @executable_path/Frameworks @loader_path/Frameworks";
				PRODUCT_BUNDLE_IDENTIFIER = com.3good.CollectionViewSampleTests;
				PRODUCT_NAME = "$(TARGET_NAME)";
				SWIFT_VERSION = 3.0;
				TEST_HOST = "$(BUILT_PRODUCTS_DIR)/CollectionViewSample.app/CollectionViewSample";
			};
			name = Release;
		};
		E522F6091E65CD3F00156571 /* Debug */ = {
			isa = XCBuildConfiguration;
			baseConfigurationReference = FF5E7D2A6FC160589DA7F310 /* Pods-CollectionViewSampleUITests.debug.xcconfig */;
			buildSettings = {
				ALWAYS_EMBED_SWIFT_STANDARD_LIBRARIES = YES;
				DEVELOPMENT_TEAM = MK5EHZ24M9;
				INFOPLIST_FILE = CollectionViewSampleUITests/Info.plist;
				LD_RUNPATH_SEARCH_PATHS = "$(inherited) @executable_path/Frameworks @loader_path/Frameworks";
				PRODUCT_BUNDLE_IDENTIFIER = com.3good.CollectionViewSampleUITests;
				PRODUCT_NAME = "$(TARGET_NAME)";
				SWIFT_VERSION = 3.0;
				TEST_TARGET_NAME = CollectionViewSample;
			};
			name = Debug;
		};
		E522F60A1E65CD3F00156571 /* Release */ = {
			isa = XCBuildConfiguration;
			baseConfigurationReference = C2C13E3F4BAF03E8F2665BFE /* Pods-CollectionViewSampleUITests.release.xcconfig */;
			buildSettings = {
				ALWAYS_EMBED_SWIFT_STANDARD_LIBRARIES = YES;
				DEVELOPMENT_TEAM = MK5EHZ24M9;
				INFOPLIST_FILE = CollectionViewSampleUITests/Info.plist;
				LD_RUNPATH_SEARCH_PATHS = "$(inherited) @executable_path/Frameworks @loader_path/Frameworks";
				PRODUCT_BUNDLE_IDENTIFIER = com.3good.CollectionViewSampleUITests;
				PRODUCT_NAME = "$(TARGET_NAME)";
				SWIFT_VERSION = 3.0;
				TEST_TARGET_NAME = CollectionViewSample;
			};
			name = Release;
		};
/* End XCBuildConfiguration section */

/* Begin XCConfigurationList section */
		E522F5D51E65CD3F00156571 /* Build configuration list for PBXProject "CollectionViewSample" */ = {
			isa = XCConfigurationList;
			buildConfigurations = (
				E522F6001E65CD3F00156571 /* Debug */,
				E522F6011E65CD3F00156571 /* Release */,
			);
			defaultConfigurationIsVisible = 0;
			defaultConfigurationName = Release;
		};
		E522F6021E65CD3F00156571 /* Build configuration list for PBXNativeTarget "CollectionViewSample" */ = {
			isa = XCConfigurationList;
			buildConfigurations = (
				E522F6031E65CD3F00156571 /* Debug */,
				E522F6041E65CD3F00156571 /* Release */,
			);
			defaultConfigurationIsVisible = 0;
			defaultConfigurationName = Release;
		};
		E522F6051E65CD3F00156571 /* Build configuration list for PBXNativeTarget "CollectionViewSampleTests" */ = {
			isa = XCConfigurationList;
			buildConfigurations = (
				E522F6061E65CD3F00156571 /* Debug */,
				E522F6071E65CD3F00156571 /* Release */,
			);
			defaultConfigurationIsVisible = 0;
			defaultConfigurationName = Release;
		};
		E522F6081E65CD3F00156571 /* Build configuration list for PBXNativeTarget "CollectionViewSampleUITests" */ = {
			isa = XCConfigurationList;
			buildConfigurations = (
				E522F6091E65CD3F00156571 /* Debug */,
				E522F60A1E65CD3F00156571 /* Release */,
			);
			defaultConfigurationIsVisible = 0;
			defaultConfigurationName = Release;
		};
/* End XCConfigurationList section */
	};
	rootObject = E522F5D21E65CD3F00156571 /* Project object */;
}
